<?xml version="1.0" encoding="utf-8"?>
<Project ToolsVersion="4.0" xmlns="http://schemas.microsoft.com/developer/msbuild/2003">
  <ItemGroup>
    <ClCompile Include="VueloautnomoparalaaeronaveF4PhantomII.cpp" />
    <ClCompile Include="main.cpp" />
  </ItemGroup>
  <ItemGroup>
    <QtMoc Include="VueloautnomoparalaaeronaveF4PhantomII.h" />
  </ItemGroup>
  <ItemGroup>
    <QtRcc Include="VueloautnomoparalaaeronaveF4PhantomII.qrc" />
  </ItemGroup>
  <ItemGroup>
    <QtUic Include="VueloautnomoparalaaeronaveF4PhantomII.ui" />
  </ItemGroup>
  <ItemGroup>
    <Filter Include="Header Files">
      <UniqueIdentifier>{f35db940-00c0-4519-af52-2f26ab3bad6e}</UniqueIdentifier>
    </Filter>
  </ItemGroup>
  <ItemGroup>
    <ClInclude Include="datarefs.h">
      <Filter>Header Files</Filter>
    </ClInclude>
    <ClInclude Include="despegue.h">
      <Filter>Header Files</Filter>
    </ClInclude>
    <ClInclude Include="pid.h">
      <Filter>Header Files</Filter>
    </ClInclude>
    <ClInclude Include="var_globales.h">
      <Filter>Header Files</Filter>
    </ClInclude>
    <ClInclude Include="xplane_direcciones_de_memoria.h">
      <Filter>Header Files</Filter>
    </ClInclude>
  </ItemGroup>
</Project>