<?xml version="1.0" encoding="utf-8"?>
<Project ToolsVersion="4.0" xmlns="http://schemas.microsoft.com/developer/msbuild/2003">
  <ItemGroup>
    <Filter Include="Source Files">
      <UniqueIdentifier>{4FC737F1-C7A5-4376-A066-2A32D752A2FF}</UniqueIdentifier>
      <Extensions>cpp;c;cc;cxx;c++;def;odl;idl;hpj;bat;asm;asmx</Extensions>
    </Filter>
    <Filter Include="Header Files">
      <UniqueIdentifier>{93995380-89BD-4b04-88EB-625FBE52EBFB}</UniqueIdentifier>
      <Extensions>h;hh;hpp;hxx;h++;hm;inl;inc;ipp;xsd</Extensions>
    </Filter>
    <Filter Include="Resource Files">
      <UniqueIdentifier>{67DA6AB6-F800-4c08-8B7A-83BB121AAD01}</UniqueIdentifier>
      <Extensions>rc;ico;cur;bmp;dlg;rc2;rct;bin;rgs;gif;jpg;jpeg;jpe;resx;tiff;tif;png;wav;mfcribbon-ms</Extensions>
    </Filter>
  </ItemGroup>
  <ItemGroup>
    <None Include="vendor\addyLib\LICENSE" />
  </ItemGroup>
  <ItemGroup>
    <ClInclude Include="vendor\addyLib\include\addyLib\Addy64Lib.h">
      <Filter>Header Files</Filter>
    </ClInclude>
    <ClInclude Include="src\defines.h">
      <Filter>Header Files</Filter>
    </ClInclude>
    <ClInclude Include="vendor\spdlog\include\spdlog\cfg\argv.h">
      <Filter>Header Files</Filter>
    </ClInclude>
    <ClInclude Include="vendor\spdlog\include\spdlog\cfg\env.h">
      <Filter>Header Files</Filter>
    </ClInclude>
    <ClInclude Include="vendor\spdlog\include\spdlog\cfg\helpers.h">
      <Filter>Header Files</Filter>
    </ClInclude>
    <ClInclude Include="vendor\spdlog\include\spdlog\cfg\helpers-inl.h">
      <Filter>Header Files</Filter>
    </ClInclude>
    <ClInclude Include="vendor\spdlog\include\spdlog\cfg\log_levels.h">
      <Filter>Header Files</Filter>
    </ClInclude>
    <ClInclude Include="vendor\spdlog\include\spdlog\details\backtracer.h">
      <Filter>Header Files</Filter>
    </ClInclude>
    <ClInclude Include="vendor\spdlog\include\spdlog\details\backtracer-inl.h">
      <Filter>Header Files</Filter>
    </ClInclude>
    <ClInclude Include="vendor\spdlog\include\spdlog\details\circular_q.h">
      <Filter>Header Files</Filter>
    </ClInclude>
    <ClInclude Include="vendor\spdlog\include\spdlog\details\console_globals.h">
      <Filter>Header Files</Filter>
    </ClInclude>
    <ClInclude Include="vendor\spdlog\include\spdlog\details\file_helper.h">
      <Filter>Header Files</Filter>
    </ClInclude>
    <ClInclude Include="vendor\spdlog\include\spdlog\details\file_helper-inl.h">
      <Filter>Header Files</Filter>
    </ClInclude>
    <ClInclude Include="vendor\spdlog\include\spdlog\details\fmt_helper.h">
      <Filter>Header Files</Filter>
    </ClInclude>
    <ClInclude Include="vendor\spdlog\include\spdlog\details\log_msg.h">
      <Filter>Header Files</Filter>
    </ClInclude>
    <ClInclude Include="vendor\spdlog\include\spdlog\details\log_msg_buffer.h">
      <Filter>Header Files</Filter>
    </ClInclude>
    <ClInclude Include="vendor\spdlog\include\spdlog\details\log_msg_buffer-inl.h">
      <Filter>Header Files</Filter>
    </ClInclude>
    <ClInclude Include="vendor\spdlog\include\spdlog\details\log_msg-inl.h">
      <Filter>Header Files</Filter>
    </ClInclude>
    <ClInclude Include="vendor\spdlog\include\spdlog\details\mpmc_blocking_q.h">
      <Filter>Header Files</Filter>
    </ClInclude>
    <ClInclude Include="vendor\spdlog\include\spdlog\details\null_mutex.h">
      <Filter>Header Files</Filter>
    </ClInclude>
    <ClInclude Include="vendor\spdlog\include\spdlog\details\os.h">
      <Filter>Header Files</Filter>
    </ClInclude>
    <ClInclude Include="vendor\spdlog\include\spdlog\details\os-inl.h">
      <Filter>Header Files</Filter>
    </ClInclude>
    <ClInclude Include="vendor\spdlog\include\spdlog\details\periodic_worker.h">
      <Filter>Header Files</Filter>
    </ClInclude>
    <ClInclude Include="vendor\spdlog\include\spdlog\details\periodic_worker-inl.h">
      <Filter>Header Files</Filter>
    </ClInclude>
    <ClInclude Include="vendor\spdlog\include\spdlog\details\registry.h">
      <Filter>Header Files</Filter>
    </ClInclude>
    <ClInclude Include="vendor\spdlog\include\spdlog\details\registry-inl.h">
      <Filter>Header Files</Filter>
    </ClInclude>
    <ClInclude Include="vendor\spdlog\include\spdlog\details\synchronous_factory.h">
      <Filter>Header Files</Filter>
    </ClInclude>
    <ClInclude Include="vendor\spdlog\include\spdlog\details\tcp_client.h">
      <Filter>Header Files</Filter>
    </ClInclude>
    <ClInclude Include="vendor\spdlog\include\spdlog\details\tcp_client-windows.h">
      <Filter>Header Files</Filter>
    </ClInclude>
    <ClInclude Include="vendor\spdlog\include\spdlog\details\thread_pool.h">
      <Filter>Header Files</Filter>
    </ClInclude>
    <ClInclude Include="vendor\spdlog\include\spdlog\details\thread_pool-inl.h">
      <Filter>Header Files</Filter>
    </ClInclude>
    <ClInclude Include="vendor\spdlog\include\spdlog\details\windows_include.h">
      <Filter>Header Files</Filter>
    </ClInclude>
    <ClInclude Include="vendor\spdlog\include\spdlog\fmt\bundled\chrono.h">
      <Filter>Header Files</Filter>
    </ClInclude>
    <ClInclude Include="vendor\spdlog\include\spdlog\fmt\bundled\color.h">
      <Filter>Header Files</Filter>
    </ClInclude>
    <ClInclude Include="vendor\spdlog\include\spdlog\fmt\bundled\compile.h">
      <Filter>Header Files</Filter>
    </ClInclude>
    <ClInclude Include="vendor\spdlog\include\spdlog\fmt\bundled\core.h">
      <Filter>Header Files</Filter>
    </ClInclude>
    <ClInclude Include="vendor\spdlog\include\spdlog\fmt\bundled\format.h">
      <Filter>Header Files</Filter>
    </ClInclude>
    <ClInclude Include="vendor\spdlog\include\spdlog\fmt\bundled\format-inl.h">
      <Filter>Header Files</Filter>
    </ClInclude>
    <ClInclude Include="vendor\spdlog\include\spdlog\fmt\bundled\locale.h">
      <Filter>Header Files</Filter>
    </ClInclude>
    <ClInclude Include="vendor\spdlog\include\spdlog\fmt\bundled\ostream.h">
      <Filter>Header Files</Filter>
    </ClInclude>
    <ClInclude Include="vendor\spdlog\include\spdlog\fmt\bundled\posix.h">
      <Filter>Header Files</Filter>
    </ClInclude>
    <ClInclude Include="vendor\spdlog\include\spdlog\fmt\bundled\printf.h">
      <Filter>Header Files</Filter>
    </ClInclude>
    <ClInclude Include="vendor\spdlog\include\spdlog\fmt\bundled\ranges.h">
      <Filter>Header Files</Filter>
    </ClInclude>
    <ClInclude Include="vendor\spdlog\include\spdlog\fmt\bin_to_hex.h">
      <Filter>Header Files</Filter>
    </ClInclude>
    <ClInclude Include="vendor\spdlog\include\spdlog\fmt\fmt.h">
      <Filter>Header Files</Filter>
    </ClInclude>
    <ClInclude Include="vendor\spdlog\include\spdlog\fmt\ostr.h">
      <Filter>Header Files</Filter>
    </ClInclude>
    <ClInclude Include="vendor\spdlog\include\spdlog\sinks\android_sink.h">
      <Filter>Header Files</Filter>
    </ClInclude>
    <ClInclude Include="vendor\spdlog\include\spdlog\sinks\ansicolor_sink.h">
      <Filter>Header Files</Filter>
    </ClInclude>
    <ClInclude Include="vendor\spdlog\include\spdlog\sinks\ansicolor_sink-inl.h">
      <Filter>Header Files</Filter>
    </ClInclude>
    <ClInclude Include="vendor\spdlog\include\spdlog\sinks\base_sink.h">
      <Filter>Header Files</Filter>
    </ClInclude>
    <ClInclude Include="vendor\spdlog\include\spdlog\sinks\base_sink-inl.h">
      <Filter>Header Files</Filter>
    </ClInclude>
    <ClInclude Include="vendor\spdlog\include\spdlog\sinks\basic_file_sink.h">
      <Filter>Header Files</Filter>
    </ClInclude>
    <ClInclude Include="vendor\spdlog\include\spdlog\sinks\basic_file_sink-inl.h">
      <Filter>Header Files</Filter>
    </ClInclude>
    <ClInclude Include="vendor\spdlog\include\spdlog\sinks\daily_file_sink.h">
      <Filter>Header Files</Filter>
    </ClInclude>
    <ClInclude Include="vendor\spdlog\include\spdlog\sinks\dist_sink.h">
      <Filter>Header Files</Filter>
    </ClInclude>
    <ClInclude Include="vendor\spdlog\include\spdlog\sinks\dup_filter_sink.h">
      <Filter>Header Files</Filter>
    </ClInclude>
    <ClInclude Include="vendor\spdlog\include\spdlog\sinks\msvc_sink.h">
      <Filter>Header Files</Filter>
    </ClInclude>
    <ClInclude Include="vendor\spdlog\include\spdlog\sinks\null_sink.h">
      <Filter>Header Files</Filter>
    </ClInclude>
    <ClInclude Include="vendor\spdlog\include\spdlog\sinks\ostream_sink.h">
      <Filter>Header Files</Filter>
    </ClInclude>
    <ClInclude Include="vendor\spdlog\include\spdlog\sinks\ringbuffer_sink.h">
      <Filter>Header Files</Filter>
    </ClInclude>
    <ClInclude Include="vendor\spdlog\include\spdlog\sinks\rotating_file_sink.h">
      <Filter>Header Files</Filter>
    </ClInclude>
    <ClInclude Include="vendor\spdlog\include\spdlog\sinks\rotating_file_sink-inl.h">
      <Filter>Header Files</Filter>
    </ClInclude>
    <ClInclude Include="vendor\spdlog\include\spdlog\sinks\sink.h">
      <Filter>Header Files</Filter>
    </ClInclude>
    <ClInclude Include="vendor\spdlog\include\spdlog\sinks\sink-inl.h">
      <Filter>Header Files</Filter>
    </ClInclude>
    <ClInclude Include="vendor\spdlog\include\spdlog\sinks\stdout_color_sinks.h">
      <Filter>Header Files</Filter>
    </ClInclude>
    <ClInclude Include="vendor\spdlog\include\spdlog\sinks\stdout_color_sinks-inl.h">
      <Filter>Header Files</Filter>
    </ClInclude>
    <ClInclude Include="vendor\spdlog\include\spdlog\sinks\stdout_sinks.h">
      <Filter>Header Files</Filter>
    </ClInclude>
    <ClInclude Include="vendor\spdlog\include\spdlog\sinks\stdout_sinks-inl.h">
      <Filter>Header Files</Filter>
    </ClInclude>
    <ClInclude Include="vendor\spdlog\include\spdlog\sinks\syslog_sink.h">
      <Filter>Header Files</Filter>
    </ClInclude>
    <ClInclude Include="vendor\spdlog\include\spdlog\sinks\systemd_sink.h">
      <Filter>Header Files</Filter>
    </ClInclude>
    <ClInclude Include="vendor\spdlog\include\spdlog\sinks\tcp_sink.h">
      <Filter>Header Files</Filter>
    </ClInclude>
    <ClInclude Include="vendor\spdlog\include\spdlog\sinks\win_eventlog_sink.h">
      <Filter>Header Files</Filter>
    </ClInclude>
    <ClInclude Include="vendor\spdlog\include\spdlog\sinks\wincolor_sink.h">
      <Filter>Header Files</Filter>
    </ClInclude>
    <ClInclude Include="vendor\spdlog\include\spdlog\sinks\wincolor_sink-inl.h">
      <Filter>Header Files</Filter>
    </ClInclude>
    <ClInclude Include="vendor\spdlog\include\spdlog\async.h">
      <Filter>Header Files</Filter>
    </ClInclude>
    <ClInclude Include="vendor\spdlog\include\spdlog\async_logger.h">
      <Filter>Header Files</Filter>
    </ClInclude>
    <ClInclude Include="vendor\spdlog\include\spdlog\async_logger-inl.h">
      <Filter>Header Files</Filter>
    </ClInclude>
    <ClInclude Include="vendor\spdlog\include\spdlog\common.h">
      <Filter>Header Files</Filter>
    </ClInclude>
    <ClInclude Include="vendor\spdlog\include\spdlog\common-inl.h">
      <Filter>Header Files</Filter>
    </ClInclude>
    <ClInclude Include="vendor\spdlog\include\spdlog\formatter.h">
      <Filter>Header Files</Filter>
    </ClInclude>
    <ClInclude Include="vendor\spdlog\include\spdlog\fwd.h">
      <Filter>Header Files</Filter>
    </ClInclude>
    <ClInclude Include="vendor\spdlog\include\spdlog\logger.h">
      <Filter>Header Files</Filter>
    </ClInclude>
    <ClInclude Include="vendor\spdlog\include\spdlog\logger-inl.h">
      <Filter>Header Files</Filter>
    </ClInclude>
    <ClInclude Include="vendor\spdlog\include\spdlog\pattern_formatter.h">
      <Filter>Header Files</Filter>
    </ClInclude>
    <ClInclude Include="vendor\spdlog\include\spdlog\pattern_formatter-inl.h">
      <Filter>Header Files</Filter>
    </ClInclude>
    <ClInclude Include="vendor\spdlog\include\spdlog\spdlog.h">
      <Filter>Header Files</Filter>
    </ClInclude>
    <ClInclude Include="vendor\spdlog\include\spdlog\spdlog-inl.h">
      <Filter>Header Files</Filter>
    </ClInclude>
    <ClInclude Include="vendor\spdlog\include\spdlog\tweakme.h">
      <Filter>Header Files</Filter>
    </ClInclude>
    <ClInclude Include="vendor\spdlog\include\spdlog\version.h">
      <Filter>Header Files</Filter>
    </ClInclude>
    <ClInclude Include="src\includes.h">
      <Filter>Header Files</Filter>
    </ClInclude>
    <ClInclude Include="vendor\spdlog\include\cfg\argv.h">
      <Filter>Header Files</Filter>
    </ClInclude>
    <ClInclude Include="vendor\spdlog\include\cfg\env.h">
      <Filter>Header Files</Filter>
    </ClInclude>
    <ClInclude Include="vendor\spdlog\include\cfg\helpers.h">
      <Filter>Header Files</Filter>
    </ClInclude>
    <ClInclude Include="vendor\spdlog\include\cfg\helpers-inl.h">
      <Filter>Header Files</Filter>
    </ClInclude>
    <ClInclude Include="vendor\spdlog\include\cfg\log_levels.h">
      <Filter>Header Files</Filter>
    </ClInclude>
    <ClInclude Include="vendor\spdlog\include\details\backtracer.h">
      <Filter>Header Files</Filter>
    </ClInclude>
    <ClInclude Include="vendor\spdlog\include\details\backtracer-inl.h">
      <Filter>Header Files</Filter>
    </ClInclude>
    <ClInclude Include="vendor\spdlog\include\details\circular_q.h">
      <Filter>Header Files</Filter>
    </ClInclude>
    <ClInclude Include="vendor\spdlog\include\details\console_globals.h">
      <Filter>Header Files</Filter>
    </ClInclude>
    <ClInclude Include="vendor\spdlog\include\details\file_helper.h">
      <Filter>Header Files</Filter>
    </ClInclude>
    <ClInclude Include="vendor\spdlog\include\details\file_helper-inl.h">
      <Filter>Header Files</Filter>
    </ClInclude>
    <ClInclude Include="vendor\spdlog\include\details\fmt_helper.h">
      <Filter>Header Files</Filter>
    </ClInclude>
    <ClInclude Include="vendor\spdlog\include\details\log_msg.h">
      <Filter>Header Files</Filter>
    </ClInclude>
    <ClInclude Include="vendor\spdlog\include\details\log_msg_buffer.h">
      <Filter>Header Files</Filter>
    </ClInclude>
    <ClInclude Include="vendor\spdlog\include\details\log_msg_buffer-inl.h">
      <Filter>Header Files</Filter>
    </ClInclude>
    <ClInclude Include="vendor\spdlog\include\details\log_msg-inl.h">
      <Filter>Header Files</Filter>
    </ClInclude>
    <ClInclude Include="vendor\spdlog\include\details\mpmc_blocking_q.h">
      <Filter>Header Files</Filter>
    </ClInclude>
    <ClInclude Include="vendor\spdlog\include\details\null_mutex.h">
      <Filter>Header Files</Filter>
    </ClInclude>
    <ClInclude Include="vendor\spdlog\include\details\os.h">
      <Filter>Header Files</Filter>
    </ClInclude>
    <ClInclude Include="vendor\spdlog\include\details\os-inl.h">
      <Filter>Header Files</Filter>
    </ClInclude>
    <ClInclude Include="vendor\spdlog\include\details\periodic_worker.h">
      <Filter>Header Files</Filter>
    </ClInclude>
    <ClInclude Include="vendor\spdlog\include\details\periodic_worker-inl.h">
      <Filter>Header Files</Filter>
    </ClInclude>
    <ClInclude Include="vendor\spdlog\include\details\registry.h">
      <Filter>Header Files</Filter>
    </ClInclude>
    <ClInclude Include="vendor\spdlog\include\details\registry-inl.h">
      <Filter>Header Files</Filter>
    </ClInclude>
    <ClInclude Include="vendor\spdlog\include\details\synchronous_factory.h">
      <Filter>Header Files</Filter>
    </ClInclude>
    <ClInclude Include="vendor\spdlog\include\details\tcp_client.h">
      <Filter>Header Files</Filter>
    </ClInclude>
    <ClInclude Include="vendor\spdlog\include\details\tcp_client-windows.h">
      <Filter>Header Files</Filter>
    </ClInclude>
    <ClInclude Include="vendor\spdlog\include\details\thread_pool.h">
      <Filter>Header Files</Filter>
    </ClInclude>
    <ClInclude Include="vendor\spdlog\include\details\thread_pool-inl.h">
      <Filter>Header Files</Filter>
    </ClInclude>
    <ClInclude Include="vendor\spdlog\include\details\windows_include.h">
      <Filter>Header Files</Filter>
    </ClInclude>
    <ClInclude Include="vendor\spdlog\include\fmt\bundled\chrono.h">
      <Filter>Header Files</Filter>
    </ClInclude>
    <ClInclude Include="vendor\spdlog\include\fmt\bundled\color.h">
      <Filter>Header Files</Filter>
    </ClInclude>
    <ClInclude Include="vendor\spdlog\include\fmt\bundled\compile.h">
      <Filter>Header Files</Filter>
    </ClInclude>
    <ClInclude Include="vendor\spdlog\include\fmt\bundled\core.h">
      <Filter>Header Files</Filter>
    </ClInclude>
    <ClInclude Include="vendor\spdlog\include\fmt\bundled\format.h">
      <Filter>Header Files</Filter>
    </ClInclude>
    <ClInclude Include="vendor\spdlog\include\fmt\bundled\format-inl.h">
      <Filter>Header Files</Filter>
    </ClInclude>
    <ClInclude Include="vendor\spdlog\include\fmt\bundled\locale.h">
      <Filter>Header Files</Filter>
    </ClInclude>
    <ClInclude Include="vendor\spdlog\include\fmt\bundled\os.h">
      <Filter>Header Files</Filter>
    </ClInclude>
    <ClInclude Include="vendor\spdlog\include\fmt\bundled\ostream.h">
      <Filter>Header Files</Filter>
    </ClInclude>
    <ClInclude Include="vendor\spdlog\include\fmt\bundled\posix.h">
      <Filter>Header Files</Filter>
    </ClInclude>
    <ClInclude Include="vendor\spdlog\include\fmt\bundled\printf.h">
      <Filter>Header Files</Filter>
    </ClInclude>
    <ClInclude Include="vendor\spdlog\include\fmt\bundled\ranges.h">
      <Filter>Header Files</Filter>
    </ClInclude>
    <ClInclude Include="vendor\spdlog\include\fmt\bin_to_hex.h">
      <Filter>Header Files</Filter>
    </ClInclude>
    <ClInclude Include="vendor\spdlog\include\fmt\chrono.h">
      <Filter>Header Files</Filter>
    </ClInclude>
    <ClInclude Include="vendor\spdlog\include\fmt\fmt.h">
      <Filter>Header Files</Filter>
    </ClInclude>
    <ClInclude Include="vendor\spdlog\include\fmt\ostr.h">
      <Filter>Header Files</Filter>
    </ClInclude>
    <ClInclude Include="vendor\spdlog\include\sinks\android_sink.h">
      <Filter>Header Files</Filter>
    </ClInclude>
    <ClInclude Include="vendor\spdlog\include\sinks\ansicolor_sink.h">
      <Filter>Header Files</Filter>
    </ClInclude>
    <ClInclude Include="vendor\spdlog\include\sinks\ansicolor_sink-inl.h">
      <Filter>Header Files</Filter>
    </ClInclude>
    <ClInclude Include="vendor\spdlog\include\sinks\base_sink.h">
      <Filter>Header Files</Filter>
    </ClInclude>
    <ClInclude Include="vendor\spdlog\include\sinks\base_sink-inl.h">
      <Filter>Header Files</Filter>
    </ClInclude>
    <ClInclude Include="vendor\spdlog\include\sinks\basic_file_sink.h">
      <Filter>Header Files</Filter>
    </ClInclude>
    <ClInclude Include="vendor\spdlog\include\sinks\basic_file_sink-inl.h">
      <Filter>Header Files</Filter>
    </ClInclude>
    <ClInclude Include="vendor\spdlog\include\sinks\daily_file_sink.h">
      <Filter>Header Files</Filter>
    </ClInclude>
    <ClInclude Include="vendor\spdlog\include\sinks\dist_sink.h">
      <Filter>Header Files</Filter>
    </ClInclude>
    <ClInclude Include="vendor\spdlog\include\sinks\dup_filter_sink.h">
      <Filter>Header Files</Filter>
    </ClInclude>
    <ClInclude Include="vendor\spdlog\include\sinks\msvc_sink.h">
      <Filter>Header Files</Filter>
    </ClInclude>
    <ClInclude Include="vendor\spdlog\include\sinks\null_sink.h">
      <Filter>Header Files</Filter>
    </ClInclude>
    <ClInclude Include="vendor\spdlog\include\sinks\ostream_sink.h">
      <Filter>Header Files</Filter>
    </ClInclude>
    <ClInclude Include="vendor\spdlog\include\sinks\ringbuffer_sink.h">
      <Filter>Header Files</Filter>
    </ClInclude>
    <ClInclude Include="vendor\spdlog\include\sinks\rotating_file_sink.h">
      <Filter>Header Files</Filter>
    </ClInclude>
    <ClInclude Include="vendor\spdlog\include\sinks\rotating_file_sink-inl.h">
      <Filter>Header Files</Filter>
    </ClInclude>
    <ClInclude Include="vendor\spdlog\include\sinks\sink.h">
      <Filter>Header Files</Filter>
    </ClInclude>
    <ClInclude Include="vendor\spdlog\include\sinks\sink-inl.h">
      <Filter>Header Files</Filter>
    </ClInclude>
    <ClInclude Include="vendor\spdlog\include\sinks\stdout_color_sinks.h">
      <Filter>Header Files</Filter>
    </ClInclude>
    <ClInclude Include="vendor\spdlog\include\sinks\stdout_color_sinks-inl.h">
      <Filter>Header Files</Filter>
    </ClInclude>
    <ClInclude Include="vendor\spdlog\include\sinks\stdout_sinks.h">
      <Filter>Header Files</Filter>
    </ClInclude>
    <ClInclude Include="vendor\spdlog\include\sinks\stdout_sinks-inl.h">
      <Filter>Header Files</Filter>
    </ClInclude>
    <ClInclude Include="vendor\spdlog\include\sinks\syslog_sink.h">
      <Filter>Header Files</Filter>
    </ClInclude>
    <ClInclude Include="vendor\spdlog\include\sinks\systemd_sink.h">
      <Filter>Header Files</Filter>
    </ClInclude>
    <ClInclude Include="vendor\spdlog\include\sinks\tcp_sink.h">
      <Filter>Header Files</Filter>
    </ClInclude>
    <ClInclude Include="vendor\spdlog\include\sinks\win_eventlog_sink.h">
      <Filter>Header Files</Filter>
    </ClInclude>
    <ClInclude Include="vendor\spdlog\include\sinks\wincolor_sink.h">
      <Filter>Header Files</Filter>
    </ClInclude>
    <ClInclude Include="vendor\spdlog\include\sinks\wincolor_sink-inl.h">
      <Filter>Header Files</Filter>
    </ClInclude>
    <ClInclude Include="vendor\spdlog\include\async.h">
      <Filter>Header Files</Filter>
    </ClInclude>
    <ClInclude Include="vendor\spdlog\include\async_logger.h">
      <Filter>Header Files</Filter>
    </ClInclude>
    <ClInclude Include="vendor\spdlog\include\async_logger-inl.h">
      <Filter>Header Files</Filter>
    </ClInclude>
    <ClInclude Include="vendor\spdlog\include\common.h">
      <Filter>Header Files</Filter>
    </ClInclude>
    <ClInclude Include="vendor\spdlog\include\common-inl.h">
      <Filter>Header Files</Filter>
    </ClInclude>
    <ClInclude Include="vendor\spdlog\include\formatter.h">
      <Filter>Header Files</Filter>
    </ClInclude>
    <ClInclude Include="vendor\spdlog\include\fwd.h">
      <Filter>Header Files</Filter>
    </ClInclude>
    <ClInclude Include="vendor\spdlog\include\logger.h">
      <Filter>Header Files</Filter>
    </ClInclude>
    <ClInclude Include="vendor\spdlog\include\logger-inl.h">
      <Filter>Header Files</Filter>
    </ClInclude>
    <ClInclude Include="vendor\spdlog\include\pattern_formatter.h">
      <Filter>Header Files</Filter>
    </ClInclude>
    <ClInclude Include="vendor\spdlog\include\pattern_formatter-inl.h">
      <Filter>Header Files</Filter>
    </ClInclude>
    <ClInclude Include="vendor\spdlog\include\spdlog.h">
      <Filter>Header Files</Filter>
    </ClInclude>
    <ClInclude Include="vendor\spdlog\include\spdlog-inl.h">
      <Filter>Header Files</Filter>
    </ClInclude>
    <ClInclude Include="vendor\spdlog\include\stopwatch.h">
      <Filter>Header Files</Filter>
    </ClInclude>
    <ClInclude Include="vendor\spdlog\include\tweakme.h">
      <Filter>Header Files</Filter>
    </ClInclude>
    <ClInclude Include="vendor\spdlog\include\version.h">
      <Filter>Header Files</Filter>
    </ClInclude>
    <ClInclude Include="src\Core\EntryPoint.h">
      <Filter>Header Files</Filter>
    </ClInclude>
    <ClInclude Include="src\Interface\interface.h">
      <Filter>Header Files</Filter>
    </ClInclude>
    <ClInclude Include="src\Interface\Simulator\GetAddress.h">
      <Filter>Header Files</Filter>
    </ClInclude>
    <ClInclude Include="src\Events\OnUpdate.h">
      <Filter>Header Files</Filter>
    </ClInclude>
    <ClInclude Include="src\maths\pid.h">
      <Filter>Header Files</Filter>
    </ClInclude>
    <ClInclude Include="src\maths\CalculateCourse.h">
      <Filter>Header Files</Filter>
    </ClInclude>
    <ClInclude Include="src\csv\read_csv.h">
      <Filter>Header Files</Filter>
    </ClInclude>
    <ClInclude Include="src\csv\write_csv.h">
      <Filter>Header Files</Filter>
    </ClInclude>
  </ItemGroup>
  <ItemGroup>
    <ClCompile Include="src\Core\Application.cpp">
      <Filter>Source Files</Filter>
    </ClCompile>
  </ItemGroup>
</Project>